
Microsoft Visual Studio Solution File, Format Version 12.00
# Visual Studio Version 17
VisualStudioVersion = 17.13.35818.85 d17.13
MinimumVisualStudioVersion = 10.0.40219.1
Project("{FAE04EC0-301F-11D3-BF4B-00C04F79EFBC}") = "sidebar-open-content-cs", "sidebar-open-content-cs.csproj", "{322DF09A-00EE-480F-903F-55CEEAD14A32}"
EndProject
Global
	GlobalSection(SolutionConfigurationPlatforms) = preSolution
		Debug|Any CPU = Debug|Any CPU
		Release|Any CPU = Release|Any CPU
	EndGlobalSection
	GlobalSection(ProjectConfigurationPlatforms) = postSolution
		{322DF09A-00EE-480F-903F-55CEEAD14A32}.Debug|Any CPU.ActiveCfg = Debug|Any CPU
		{322DF09A-00EE-480F-903F-55CEEAD14A32}.Debug|Any CPU.Build.0 = Debug|Any CPU
		{322DF09A-00EE-480F-903F-55CEEAD14A32}.Release|Any CPU.ActiveCfg = Release|Any CPU
		{322DF09A-00EE-480F-903F-55CEEAD14A32}.Release|Any CPU.Build.0 = Release|Any CPU
	EndGlobalSection
	GlobalSection(SolutionProperties) = preSolution
		HideSolutionNode = FALSE
	EndGlobalSection
	GlobalSection(ExtensibilityGlobals) = postSolution
		SolutionGuid = {A8B0221B-AECF-4012-A2DA-57834ABBC505}
	EndGlobalSection
EndGlobal
